{
  "name": "ckeditor5-ajax-upload",
  "version": "1.0.0",
  "lockfileVersion": 1,
  "requires": true,
  "dependencies": {
    "@ckeditor/ckeditor5-core": {
      "version": "10.1.0",
      "resolved": "http://registry.npm.taobao.org/@ckeditor/ckeditor5-core/download/@ckeditor/ckeditor5-core-10.1.0.tgz",
      "integrity": "sha1-5UNwU4Kv1vcLpmKKpdWmop1SGjg=",
      "requires": {
        "@ckeditor/ckeditor5-engine": "^10.1.0",
        "@ckeditor/ckeditor5-utils": "^10.1.0"
      }
    },
    "@ckeditor/ckeditor5-editor-classic": {
      "version": "10.0.1",
      "resolved": "http://registry.npm.taobao.org/@ckeditor/ckeditor5-editor-classic/download/@ckeditor/ckeditor5-editor-classic-10.0.1.tgz",
      "integrity": "sha1-udEjCQFQohKP0Y2h71ZMjh1nKNI=",
      "dev": true,
      "requires": {
        "@ckeditor/ckeditor5-core": "^10.1.0",
        "@ckeditor/ckeditor5-engine": "^10.1.0",
        "@ckeditor/ckeditor5-theme-lark": "^10.1.0",
        "@ckeditor/ckeditor5-ui": "^10.1.0",
        "@ckeditor/ckeditor5-utils": "^10.1.0"
      },
      "dependencies": {
        "@ckeditor/ckeditor5-theme-lark": {
          "version": "10.1.0",
          "resolved": "http://registry.npm.taobao.org/@ckeditor/ckeditor5-theme-lark/download/@ckeditor/ckeditor5-theme-lark-10.1.0.tgz",
          "integrity": "sha1-R8vA5QBs1fJN7a45u4RiUM1d/0I=",
          "dev": true,
          "requires": {
            "@ckeditor/ckeditor5-ui": "^10.1.0"
          }
        },
        "@ckeditor/ckeditor5-ui": {
          "version": "10.1.0",
          "resolved": "http://registry.npm.taobao.org/@ckeditor/ckeditor5-ui/download/@ckeditor/ckeditor5-ui-10.1.0.tgz",
          "integrity": "sha1-wRbHocRwqK2Bzncge5vnll7ugYs=",
          "dev": true,
          "requires": {
            "@ckeditor/ckeditor5-core": "^10.1.0",
            "@ckeditor/ckeditor5-theme-lark": "^10.1.0",
            "@ckeditor/ckeditor5-utils": "^10.1.0"
          }
        }
      }
    },
    "@ckeditor/ckeditor5-engine": {
      "version": "10.2.0",
      "resolved": "http://registry.npm.taobao.org/@ckeditor/ckeditor5-engine/download/@ckeditor/ckeditor5-engine-10.2.0.tgz",
      "integrity": "sha1-9M9EjASCIzVX9I1Lmpe6pXHA6cw=",
      "requires": {
        "@ckeditor/ckeditor5-utils": "^10.2.0"
      }
    },
    "@ckeditor/ckeditor5-theme-lark": {
      "version": "11.0.0",
      "resolved": "http://registry.npm.taobao.org/@ckeditor/ckeditor5-theme-lark/download/@ckeditor/ckeditor5-theme-lark-11.0.0.tgz",
      "integrity": "sha1-ObHGVTCuhVZrZp/UcuY6cqnEqsQ=",
      "requires": {
        "@ckeditor/ckeditor5-ui": "^11.0.0"
      }
    },
    "@ckeditor/ckeditor5-ui": {
      "version": "11.0.0",
      "resolved": "http://registry.npm.taobao.org/@ckeditor/ckeditor5-ui/download/@ckeditor/ckeditor5-ui-11.0.0.tgz",
      "integrity": "sha1-kLPNJrC7pKv0fWmAc6XqwvHTJS4=",
      "requires": {
        "@ckeditor/ckeditor5-core": "^11.0.0",
        "@ckeditor/ckeditor5-theme-lark": "^11.0.0",
        "@ckeditor/ckeditor5-utils": "^10.2.0"
      },
      "dependencies": {
        "@ckeditor/ckeditor5-core": {
          "version": "11.0.0",
          "resolved": "http://registry.npm.taobao.org/@ckeditor/ckeditor5-core/download/@ckeditor/ckeditor5-core-11.0.0.tgz",
          "integrity": "sha1-vQ2zo9mgcRaSt/UYrg+oObCrVMc=",
          "requires": {
            "@ckeditor/ckeditor5-engine": "^10.2.0",
            "@ckeditor/ckeditor5-utils": "^10.2.0"
          }
        }
      }
    },
    "@ckeditor/ckeditor5-upload": {
      "version": "10.0.2",
      "resolved": "http://registry.npm.taobao.org/@ckeditor/ckeditor5-upload/download/@ckeditor/ckeditor5-upload-10.0.2.tgz",
      "integrity": "sha1-Y29+bokuvwuBF4jOXOjulgsFjb4=",
      "requires": {
        "@ckeditor/ckeditor5-core": "^11.0.0",
        "@ckeditor/ckeditor5-engine": "^10.2.0",
        "@ckeditor/ckeditor5-ui": "^11.0.0",
        "@ckeditor/ckeditor5-utils": "^10.2.0"
      },
      "dependencies": {
        "@ckeditor/ckeditor5-core": {
          "version": "11.0.0",
          "resolved": "http://registry.npm.taobao.org/@ckeditor/ckeditor5-core/download/@ckeditor/ckeditor5-core-11.0.0.tgz",
          "integrity": "sha1-vQ2zo9mgcRaSt/UYrg+oObCrVMc=",
          "requires": {
            "@ckeditor/ckeditor5-engine": "^10.2.0",
            "@ckeditor/ckeditor5-utils": "^10.2.0"
          }
        }
      }
    },
    "@ckeditor/ckeditor5-utils": {
      "version": "10.2.1",
      "resolved": "http://registry.npm.taobao.org/@ckeditor/ckeditor5-utils/download/@ckeditor/ckeditor5-utils-10.2.1.tgz",
      "integrity": "sha1-CCaN23nt27K2Ks1NLgSTWy3HXMY=",
      "requires": {
        "ckeditor5": "^11.0.1"
      }
    },
    "ckeditor5": {
      "version": "11.0.1",
      "resolved": "http://registry.npm.taobao.org/ckeditor5/download/ckeditor5-11.0.1.tgz",
      "integrity": "sha1-h31KYdV5zRtkZMuTU3hzAVdgEtg="
    }
  }
}
