# THIS IS AN AUTOGENERATED FILE. DO NOT EDIT THIS FILE DIRECTLY.
# yarn lockfile v1


"@ckeditor/ckeditor5-core@^10.0.0", "@ckeditor/ckeditor5-core@^10.1.0":
  version "10.1.0"
  resolved "https://registry.yarnpkg.com/@ckeditor/ckeditor5-core/-/ckeditor5-core-10.1.0.tgz#e543705382afd6f70ba6628aa5d5a6a29d521a38"
  dependencies:
    "@ckeditor/ckeditor5-engine" "^10.1.0"
    "@ckeditor/ckeditor5-utils" "^10.1.0"

"@ckeditor/ckeditor5-core@^11.1.0":
  version "11.1.0"
  resolved "https://registry.yarnpkg.com/@ckeditor/ckeditor5-core/-/ckeditor5-core-11.1.0.tgz#e2ff1e399a0024a2343c750f2796606196167f1a"
  dependencies:
    "@ckeditor/ckeditor5-engine" "^12.0.0"
    "@ckeditor/ckeditor5-utils" "^11.1.0"
    lodash-es "^4.17.10"

"@ckeditor/ckeditor5-editor-classic@^10.0.0":
  version "10.0.1"
  resolved "https://registry.yarnpkg.com/@ckeditor/ckeditor5-editor-classic/-/ckeditor5-editor-classic-10.0.1.tgz#b9d123090150a2128fd18da1ef564c8e1d6728d2"
  dependencies:
    "@ckeditor/ckeditor5-core" "^10.1.0"
    "@ckeditor/ckeditor5-engine" "^10.1.0"
    "@ckeditor/ckeditor5-theme-lark" "^10.1.0"
    "@ckeditor/ckeditor5-ui" "^10.1.0"
    "@ckeditor/ckeditor5-utils" "^10.1.0"

"@ckeditor/ckeditor5-engine@^10.1.0":
  version "10.2.0"
  resolved "https://registry.yarnpkg.com/@ckeditor/ckeditor5-engine/-/ckeditor5-engine-10.2.0.tgz#f4cf448c0482233557f48d4b9a97baa571c0e9cc"
  dependencies:
    "@ckeditor/ckeditor5-utils" "^10.2.0"

"@ckeditor/ckeditor5-engine@^12.0.0":
  version "12.0.0"
  resolved "https://registry.yarnpkg.com/@ckeditor/ckeditor5-engine/-/ckeditor5-engine-12.0.0.tgz#89f6adeb36ad21841166af542ba2bb940e065307"
  dependencies:
    "@ckeditor/ckeditor5-utils" "^11.1.0"
    lodash-es "^4.17.10"

"@ckeditor/ckeditor5-engine@^27.0.0":
  version "27.0.0"
  resolved "https://registry.yarnpkg.com/@ckeditor/ckeditor5-engine/-/ckeditor5-engine-27.0.0.tgz#c325fc7636e866adc5ad98ba1b8823d488ab3633"
  dependencies:
    "@ckeditor/ckeditor5-utils" "^27.0.0"
    lodash-es "^4.17.15"

"@ckeditor/ckeditor5-theme-lark@^10.1.0":
  version "10.1.0"
  resolved "https://registry.yarnpkg.com/@ckeditor/ckeditor5-theme-lark/-/ckeditor5-theme-lark-10.1.0.tgz#47cbc0e5006cd5f24dedae39bb846250cd5dff42"
  dependencies:
    "@ckeditor/ckeditor5-ui" "^10.1.0"

"@ckeditor/ckeditor5-theme-lark@^12.0.0":
  version "12.0.0"
  resolved "https://registry.yarnpkg.com/@ckeditor/ckeditor5-theme-lark/-/ckeditor5-theme-lark-12.0.0.tgz#db87a8f0215f374b4e50d07c8b4ad88352ddd4ec"
  dependencies:
    "@ckeditor/ckeditor5-ui" "^11.2.0"

"@ckeditor/ckeditor5-ui@^10.1.0":
  version "10.1.0"
  resolved "https://registry.yarnpkg.com/@ckeditor/ckeditor5-ui/-/ckeditor5-ui-10.1.0.tgz#c116c7a1c470a8ad81ce77207b9be7965eee818b"
  dependencies:
    "@ckeditor/ckeditor5-core" "^10.1.0"
    "@ckeditor/ckeditor5-theme-lark" "^10.1.0"
    "@ckeditor/ckeditor5-utils" "^10.1.0"

"@ckeditor/ckeditor5-ui@^11.2.0":
  version "11.2.0"
  resolved "https://registry.yarnpkg.com/@ckeditor/ckeditor5-ui/-/ckeditor5-ui-11.2.0.tgz#c8de7b4b1f1f9b256b3e298f161acdb5ef168b54"
  dependencies:
    "@ckeditor/ckeditor5-core" "^11.1.0"
    "@ckeditor/ckeditor5-theme-lark" "^12.0.0"
    "@ckeditor/ckeditor5-utils" "^11.1.0"
    lodash-es "^4.17.10"

"@ckeditor/ckeditor5-upload@^10.0.0":
  version "10.0.4"
  resolved "https://registry.yarnpkg.com/@ckeditor/ckeditor5-upload/-/ckeditor5-upload-10.0.4.tgz#4c7ad0ad705b434eef7156f80db33f82621e74a6"
  dependencies:
    "@ckeditor/ckeditor5-core" "^11.1.0"
    "@ckeditor/ckeditor5-engine" "^12.0.0"
    "@ckeditor/ckeditor5-ui" "^11.2.0"
    "@ckeditor/ckeditor5-utils" "^11.1.0"

"@ckeditor/ckeditor5-utils@^10.0.0", "@ckeditor/ckeditor5-utils@^10.1.0", "@ckeditor/ckeditor5-utils@^10.2.0":
  version "10.2.1"
  resolved "https://registry.yarnpkg.com/@ckeditor/ckeditor5-utils/-/ckeditor5-utils-10.2.1.tgz#08268ddb79eddbb2b62acd4d2e04935b2dc75cc6"
  dependencies:
    ckeditor5 "^11.0.1"

"@ckeditor/ckeditor5-utils@^11.1.0":
  version "11.1.0"
  resolved "https://registry.yarnpkg.com/@ckeditor/ckeditor5-utils/-/ckeditor5-utils-11.1.0.tgz#53535004ca9e2074fc0776b60a1706aa8af9a180"
  dependencies:
    ckeditor5 "^11.2.0"
    lodash-es "^4.17.10"

"@ckeditor/ckeditor5-utils@^27.0.0":
  version "27.0.0"
  resolved "https://registry.yarnpkg.com/@ckeditor/ckeditor5-utils/-/ckeditor5-utils-27.0.0.tgz#8ae78bdcc34e5676c778912565f505dcb657aa79"
  dependencies:
    lodash-es "^4.17.15"

ckeditor5@^11.0.1, ckeditor5@^11.2.0:
  version "11.2.0"
  resolved "https://registry.yarnpkg.com/ckeditor5/-/ckeditor5-11.2.0.tgz#480c6d65475b73772681877114da859c1c2b5cba"

lodash-es@^4.17.10, lodash-es@^4.17.15:
  version "4.17.21"
  resolved "https://registry.yarnpkg.com/lodash-es/-/lodash-es-4.17.21.tgz#43e626c46e6591b7750beb2b50117390c609e3ee"
